
Microsoft Visual Studio Solution File, Format Version 12.00
# Visual Studio Version 17
VisualStudioVersion = 17.6.33723.286
MinimumVisualStudioVersion = 10.0.40219.1
Project("{FAE04EC0-301F-11D3-BF4B-00C04F79EFBC}") = "Projekt3_Piwowarski62024", "Projekt3_Piwowarski62024.csproj", "{ACFA78B8-B245-47B7-B7C7-C2A55DEC830F}"
EndProject
Global
	GlobalSection(SolutionConfigurationPlatforms) = preSolution
		Debug|Any CPU = Debug|Any CPU
		Release|Any CPU = Release|Any CPU
	EndGlobalSection
	GlobalSection(ProjectConfigurationPlatforms) = postSolution
		{ACFA78B8-B245-47B7-B7C7-C2A55DEC830F}.Debug|Any CPU.ActiveCfg = Debug|Any CPU
		{ACFA78B8-B245-47B7-B7C7-C2A55DEC830F}.Debug|Any CPU.Build.0 = Debug|Any CPU
		{ACFA78B8-B245-47B7-B7C7-C2A55DEC830F}.Release|Any CPU.ActiveCfg = Release|Any CPU
		{ACFA78B8-B245-47B7-B7C7-C2A55DEC830F}.Release|Any CPU.Build.0 = Release|Any CPU
	EndGlobalSection
	GlobalSection(SolutionProperties) = preSolution
		HideSolutionNode = FALSE
	EndGlobalSection
	GlobalSection(ExtensibilityGlobals) = postSolution
		SolutionGuid = {38804F9B-D584-4979-BB9D-4C1C695A4964}
	EndGlobalSection
EndGlobal
